{
  "name": "userscript-self-healing-manager",
  "version": "0.1.0-alpha.1",
  "lockfileVersion": 3,
  "requires": true,
  "packages": {
    "": {
      "name": "userscript-self-healing-manager",
      "version": "0.1.0-alpha.1",
      "workspaces": ["apps/*", "packages/*"],
      "devDependencies": { "typescript": "5.8.3" },
      "engines": { "node": ">=24 <27" }
    },
    "apps/desktop": {
      "name": "@usshm/desktop",
      "version": "0.1.0-alpha.1"
    },
    "node_modules/@usshm/contracts": {
      "resolved": "packages/contracts",
      "link": true
    },
    "node_modules/@usshm/desktop": {
      "resolved": "apps/desktop",
      "link": true
    },
    "node_modules/typescript": {
      "version": "5.8.3",
      "resolved": "https://registry.npmjs.org/typescript/-/typescript-5.8.3.tgz",
      "integrity": "sha512-p1diW6TqL9L07nNxvRMM7hMMw4c5XOo/1ibL4aAIGmSAt9slTE1Xgw5KWuof2uTOvCg9BY7ZRi+GaF+7sfgPeQ==",
      "dev": true,
      "bin": { "tsc": "bin/tsc", "tsserver": "bin/tsserver" },
      "engines": { "node": ">=14.17" }
    },
    "packages/contracts": {
      "name": "@usshm/contracts",
      "version": "0.1.0-alpha.1"
    }
  }
}
